{
  "version": 4,
  "terraform_version": "1.10.3",
  "serial": 63,
  "lineage": "9e0ea8b9-f396-d7a9-d46b-95509a95da9b",
  "outputs": {},
  "resources": [
    {
      "mode": "managed",
      "type": "azurerm_container_app",
      "name": "mycongainer",
      "provider": "provider[\"registry.terraform.io/hashicorp/azurerm\"]",
      "instances": [
        {
          "schema_version": 0,
          "attributes": {
            "container_app_environment_id": "/subscriptions/c8165f0d-91bd-4d1e-87b5-fbfb0a581041/resourceGroups/mv-terraform-dev/providers/Microsoft.App/managedEnvironments/my-environment-dev",
            "custom_domain_verification_id": "D6F9D2843113AC35BE21356019C08D6916E3E428318798DD08372D0DBD2EA778",
            "dapr": [],
            "id": "/subscriptions/c8165f0d-91bd-4d1e-87b5-fbfb0a581041/resourceGroups/mv-terraform-dev/providers/Microsoft.App/containerApps/mv-env-dev",
            "identity": [],
            "ingress": [
              {
                "allow_insecure_connections": false,
                "client_certificate_mode": "",
                "custom_domain": [],
                "exposed_port": 0,
                "external_enabled": true,
                "fqdn": "mv-env-dev.whitestone-01110abf.westus.azurecontainerapps.io",
                "ip_security_restriction": [],
                "target_port": 80,
                "traffic_weight": [
                  {
                    "label": "",
                    "latest_revision": true,
                    "percentage": 100,
                    "revision_suffix": ""
                  }
                ],
                "transport": "auto"
              }
            ],
            "latest_revision_fqdn": "mv-env-dev--v1oj02z.whitestone-01110abf.westus.azurecontainerapps.io",
            "latest_revision_name": "mv-env-dev--v1oj02z",
            "location": "westus",
            "max_inactive_revisions": 0,
            "name": "mv-env-dev",
            "outbound_ip_addresses": [
              "20.253.254.228",
              "20.253.254.247",
              "20.253.254.64",
              "20.253.254.235",
              "104.210.49.205",
              "104.210.49.250",
              "104.210.49.206",
              "104.210.55.200",
              "104.210.49.225",
              "104.210.49.214",
              "13.87.246.93",
              "13.87.246.131",
              "13.87.246.102",
              "13.87.246.100",
              "13.93.214.71",
              "13.91.44.183",
              "13.91.98.58",
              "13.91.96.202",
              "13.91.40.31",
              "13.91.45.140",
              "172.184.106.36"
            ],
            "registry": [],
            "resource_group_name": "mv-terraform-dev",
            "revision_mode": "Single",
            "secret": [],
            "tags": null,
            "template": [
              {
                "azure_queue_scale_rule": [],
                "container": [
                  {
                    "args": null,
                    "command": null,
                    "cpu": 0.25,
                    "env": [],
                    "ephemeral_storage": "1Gi",
                    "image": "mcr.microsoft.com/k8se/quickstart:latest",
                    "liveness_probe": [],
                    "memory": "0.5Gi",
                    "name": "hello-world",
                    "readiness_probe": [],
                    "startup_probe": [],
                    "volume_mounts": []
                  }
                ],
                "custom_scale_rule": [],
                "http_scale_rule": [],
                "init_container": [],
                "max_replicas": 10,
                "min_replicas": 0,
                "revision_suffix": "",
                "tcp_scale_rule": [],
                "termination_grace_period_seconds": 0,
                "volume": []
              }
            ],
            "timeouts": null,
            "workload_profile_name": "Consumption"
          },
          "sensitive_attributes": [
            [
              {
                "type": "get_attr",
                "value": "custom_domain_verification_id"
              }
            ]
          ],
          "private": "eyJlMmJmYjczMC1lY2FhLTExZTYtOGY4OC0zNDM2M2JjN2M0YzAiOnsiY3JlYXRlIjoxODAwMDAwMDAwMDAwLCJkZWxldGUiOjE4MDAwMDAwMDAwMDAsInJlYWQiOjMwMDAwMDAwMDAwMCwidXBkYXRlIjoxODAwMDAwMDAwMDAwfX0=",
          "dependencies": [
            "azurerm_container_app_environment.rg",
            "azurerm_log_analytics_workspace.rg",
            "azurerm_resource_group.rg"
          ]
        }
      ]
    },
    {
      "mode": "managed",
      "type": "azurerm_container_app_environment",
      "name": "rg",
      "provider": "provider[\"registry.terraform.io/hashicorp/azurerm\"]",
      "instances": [
        {
          "schema_version": 0,
          "attributes": {
            "custom_domain_verification_id": "D6F9D2843113AC35BE21356019C08D6916E3E428318798DD08372D0DBD2EA778",
            "dapr_application_insights_connection_string": "",
            "default_domain": "whitestone-01110abf.westus.azurecontainerapps.io",
            "docker_bridge_cidr": "",
            "id": "/subscriptions/c8165f0d-91bd-4d1e-87b5-fbfb0a581041/resourceGroups/mv-terraform-dev/providers/Microsoft.App/managedEnvironments/my-environment-dev",
            "infrastructure_resource_group_name": "",
            "infrastructure_subnet_id": "",
            "internal_load_balancer_enabled": false,
            "location": "westus",
            "log_analytics_workspace_id": "/subscriptions/c8165f0d-91bd-4d1e-87b5-fbfb0a581041/resourceGroups/mv-terraform-dev/providers/Microsoft.OperationalInsights/workspaces/mv-terraform",
            "logs_destination": "log-analytics",
            "mutual_tls_enabled": false,
            "name": "my-environment-dev",
            "platform_reserved_cidr": "",
            "platform_reserved_dns_ip_address": "",
            "resource_group_name": "mv-terraform-dev",
            "static_ip_address": "172.184.100.3",
            "tags": null,
            "timeouts": null,
            "workload_profile": [
              {
                "maximum_count": 1,
                "minimum_count": 0,
                "name": "Consumption",
                "workload_profile_type": "Consumption"
              }
            ],
            "zone_redundancy_enabled": false
          },
          "sensitive_attributes": [
            [
              {
                "type": "get_attr",
                "value": "dapr_application_insights_connection_string"
              }
            ]
          ],
          "private": "eyJlMmJmYjczMC1lY2FhLTExZTYtOGY4OC0zNDM2M2JjN2M0YzAiOnsiY3JlYXRlIjoxODAwMDAwMDAwMDAwLCJkZWxldGUiOjE4MDAwMDAwMDAwMDAsInJlYWQiOjMwMDAwMDAwMDAwMCwidXBkYXRlIjoxODAwMDAwMDAwMDAwfX0=",
          "dependencies": [
            "azurerm_log_analytics_workspace.rg",
            "azurerm_resource_group.rg"
          ]
        }
      ]
    },
    {
      "mode": "managed",
      "type": "azurerm_log_analytics_workspace",
      "name": "rg",
      "provider": "provider[\"registry.terraform.io/hashicorp/azurerm\"]",
      "instances": [
        {
          "schema_version": 3,
          "attributes": {
            "allow_resource_only_permissions": true,
            "cmk_for_query_forced": false,
            "daily_quota_gb": -1,
            "data_collection_rule_id": "",
            "id": "/subscriptions/c8165f0d-91bd-4d1e-87b5-fbfb0a581041/resourceGroups/mv-terraform-dev/providers/Microsoft.OperationalInsights/workspaces/mv-terraform",
            "identity": [],
            "immediate_data_purge_on_30_days_enabled": false,
            "internet_ingestion_enabled": true,
            "internet_query_enabled": true,
            "local_authentication_disabled": false,
            "location": "westus",
            "name": "mv-terraform",
            "primary_shared_key": "rRYzLnMEXRyU0vKoOYpPgTusDVZT5xzsqT5Pt6E8734TvMw/Q4rOF2jYJYSMuxRI+faFkyF7cXk2I5oDBr16GQ==",
            "reservation_capacity_in_gb_per_day": null,
            "resource_group_name": "mv-terraform-dev",
            "retention_in_days": 30,
            "secondary_shared_key": "iYZ57DB5ZHjzdAPI2rZNsD7VQAJUbgiTQY8Z5IMgwZq1yavVtUa8RNpnrZTksJV3ot6JEarp20gBzIuou83kZQ==",
            "sku": "PerGB2018",
            "tags": null,
            "timeouts": null,
            "workspace_id": "079febc8-209d-4521-8274-5227ff0b3889"
          },
          "sensitive_attributes": [
            [
              {
                "type": "get_attr",
                "value": "primary_shared_key"
              }
            ],
            [
              {
                "type": "get_attr",
                "value": "secondary_shared_key"
              }
            ]
          ],
          "private": "eyJlMmJmYjczMC1lY2FhLTExZTYtOGY4OC0zNDM2M2JjN2M0YzAiOnsiY3JlYXRlIjoxODAwMDAwMDAwMDAwLCJkZWxldGUiOjE4MDAwMDAwMDAwMDAsInJlYWQiOjMwMDAwMDAwMDAwMCwidXBkYXRlIjoxODAwMDAwMDAwMDAwfSwic2NoZW1hX3ZlcnNpb24iOiIzIn0=",
          "dependencies": [
            "azurerm_resource_group.rg"
          ]
        }
      ]
    },
    {
      "mode": "managed",
      "type": "azurerm_resource_group",
      "name": "rg",
      "provider": "provider[\"registry.terraform.io/hashicorp/azurerm\"]",
      "instances": [
        {
          "schema_version": 0,
          "attributes": {
            "id": "/subscriptions/c8165f0d-91bd-4d1e-87b5-fbfb0a581041/resourceGroups/mv-terraform-dev",
            "location": "westus",
            "managed_by": "",
            "name": "mv-terraform-dev",
            "tags": {
              "Environment": "Terraform Getting Started",
              "Team": "DevOps"
            },
            "timeouts": null
          },
          "sensitive_attributes": [],
          "private": "eyJlMmJmYjczMC1lY2FhLTExZTYtOGY4OC0zNDM2M2JjN2M0YzAiOnsiY3JlYXRlIjo1NDAwMDAwMDAwMDAwLCJkZWxldGUiOjU0MDAwMDAwMDAwMDAsInJlYWQiOjMwMDAwMDAwMDAwMCwidXBkYXRlIjo1NDAwMDAwMDAwMDAwfX0="
        }
      ]
    }
  ],
  "check_results": null
}
